// !$*UTF8*$!
{
	archiveVersion = 1;
	classes = {
	};
	objectVersion = 46;
	objects = {

/* Begin PBXBuildFile section */
		355374A11CA5563900952429 /* AppDelegate.swift in Sources */ = {isa = PBXBuildFile; fileRef = 355374A01CA5563900952429 /* AppDelegate.swift */; };
		355374A31CA5563900952429 /* ViewController.swift in Sources */ = {isa = PBXBuildFile; fileRef = 355374A21CA5563900952429 /* ViewController.swift */; };
		355374A61CA5563900952429 /* Main.storyboard in Resources */ = {isa = PBXBuildFile; fileRef = 355374A41CA5563900952429 /* Main.storyboard */; };
		355374A81CA5563900952429 /* Assets.xcassets in Resources */ = {isa = PBXBuildFile; fileRef = 355374A71CA5563900952429 /* Assets.xcassets */; };
		355374AB1CA5563900952429 /* LaunchScreen.storyboard in Resources */ = {isa = PBXBuildFile; fileRef = 355374A91CA5563900952429 /* LaunchScreen.storyboard */; };
/* End PBXBuildFile section */

/* Begin PBXFileReference section */
		3553749D1CA5563900952429 /* AppExtensionSample.app */ = {isa = PBXFileReference; explicitFileType = wrapper.application; includeInIndex = 0; path = AppExtensionSample.app; sourceTree = BUILT_PRODUCTS_DIR; };
		355374A01CA5563900952429 /* AppDelegate.swift */ = {isa = PBXFileReference; lastKnownFileType = sourcecode.swift; path = AppDelegate.swift; sourceTree = "<group>"; };
		355374A21CA5563900952429 /* ViewController.swift */ = {isa = PBXFileReference; lastKnownFileType = sourcecode.swift; path = ViewController.swift; sourceTree = "<group>"; };
		355374A51CA5563900952429 /* Base */ = {isa = PBXFileReference; lastKnownFileType = file.storyboard; name = Base; path = Base.lproj/Main.storyboard; sourceTree = "<group>"; };
		355374A71CA5563900952429 /* Assets.xcassets */ = {isa = PBXFileReference; lastKnownFileType = folder.assetcatalog; path = Assets.xcassets; sourceTree = "<group>"; };
		355374AA1CA5563900952429 /* Base */ = {isa = PBXFileReference; lastKnownFileType = file.storyboard; name = Base; path = Base.lproj/LaunchScreen.storyboard; sourceTree = "<group>"; };
		355374AC1CA5563900952429 /* Info.plist */ = {isa = PBXFileReference; lastKnownFileType = text.plist.xml; path = Info.plist; sourceTree = "<group>"; };
/* End PBXFileReference section */

/* Begin PBXFrameworksBuildPhase section */
		3553749A1CA5563900952429 /* Frameworks */ = {
			isa = PBXFrameworksBuildPhase;
			buildActionMask = 2147483647;
			files = (
			);
			runOnlyForDeploymentPostprocessing = 0;
		};
/* End PBXFrameworksBuildPhase section */

/* Begin PBXGroup section */
		355374941CA5563900952429 = {
			isa = PBXGroup;
			children = (
				3553749F1CA5563900952429 /* AppExtensionSample */,
				3553749E1CA5563900952429 /* Products */,
			);
			sourceTree = "<group>";
		};
		3553749E1CA5563900952429 /* Products */ = {
			isa = PBXGroup;
			children = (
				3553749D1CA5563900952429 /* AppExtensionSample.app */,
			);
			name = Products;
			sourceTree = "<group>";
		};
		3553749F1CA5563900952429 /* AppExtensionSample */ = {
			isa = PBXGroup;
			children = (
				355374A01CA5563900952429 /* AppDelegate.swift */,
				355374A21CA5563900952429 /* ViewController.swift */,
				355374A41CA5563900952429 /* Main.storyboard */,
				355374A71CA5563900952429 /* Assets.xcassets */,
				355374A91CA5563900952429 /* LaunchScreen.storyboard */,
				355374AC1CA5563900952429 /* Info.plist */,
			);
			path = AppExtensionSample;
			sourceTree = "<group>";
		};
/* End PBXGroup section */

/* Begin PBXNativeTarget section */
		3553749C1CA5563900952429 /* AppExtensionSample */ = {
			isa = PBXNativeTarget;
			buildConfigurationList = 355374AF1CA5563900952429 /* Build configuration list for PBXNativeTarget "AppExtensionSample" */;
			buildPhases = (
				355374991CA5563900952429 /* Sources */,
				3553749A1CA5563900952429 /* Frameworks */,
				3553749B1CA5563900952429 /* Resources */,
			);
			buildRules = (
			);
			dependencies = (
			);
			name = AppExtensionSample;
			productName = AppExtensionSample;
			productReference = 3553749D1CA5563900952429 /* AppExtensionSample.app */;
			productType = "com.apple.product-type.application";
		};
/* End PBXNativeTarget section */

/* Begin PBXProject section */
		355374951CA5563900952429 /* Project object */ = {
			isa = PBXProject;
			attributes = {
				LastSwiftUpdateCheck = 0730;
				LastUpgradeCheck = 0730;
				ORGANIZATIONNAME = "Paweł Kuźniak";
				TargetAttributes = {
					3553749C1CA5563900952429 = {
						CreatedOnToolsVersion = 7.3;
					};
				};
			};
			buildConfigurationList = 355374981CA5563900952429 /* Build configuration list for PBXProject "AppExtensionSample" */;
			compatibilityVersion = "Xcode 3.2";
			developmentRegion = English;
			hasScannedForEncodings = 0;
			knownRegions = (
				en,
				Base,
			);
			mainGroup = 355374941CA5563900952429;
			productRefGroup = 3553749E1CA5563900952429 /* Products */;
			projectDirPath = "";
			projectRoot = "";
			targets = (
				3553749C1CA5563900952429 /* AppExtensionSample */,
			);
		};
/* End PBXProject section */

/* Begin PBXResourcesBuildPhase section */
		3553749B1CA5563900952429 /* Resources */ = {
			isa = PBXResourcesBuildPhase;
			buildActionMask = 2147483647;
			files = (
				355374AB1CA5563900952429 /* LaunchScreen.storyboard in Resources */,
				355374A81CA5563900952429 /* Assets.xcassets in Resources */,
				355374A61CA5563900952429 /* Main.storyboard in Resources */,
			);
			runOnlyForDeploymentPostprocessing = 0;
		};
/* End PBXResourcesBuildPhase section */

/* Begin PBXSourcesBuildPhase section */
		355374991CA5563900952429 /* Sources */ = {
			isa = PBXSourcesBuildPhase;
			buildActionMask = 2147483647;
			files = (
				355374A31CA5563900952429 /* ViewController.swift in Sources */,
				355374A11CA5563900952429 /* AppDelegate.swift in Sources */,
			);
			runOnlyForDeploymentPostprocessing = 0;
		};
/* End PBXSourcesBuildPhase section */

/* Begin PBXVariantGroup section */
		355374A41CA5563900952429 /* Main.storyboard */ = {
			isa = PBXVariantGroup;
			children = (
				355374A51CA5563900952429 /* Base */,
			);
			name = Main.storyboard;
			sourceTree = "<group>";
		};
		355374A91CA5563900952429 /* LaunchScreen.storyboard */ = {
			isa = PBXVariantGroup;
			children = (
				355374AA1CA5563900952429 /* Base */,
			);
			name = LaunchScreen.storyboard;
			sourceTree = "<group>";
		};
/* End PBXVariantGroup section */

/* Begin XCBuildConfiguration section */
		355374AD1CA5563900952429 /* Debug */ = {
			isa = XCBuildConfiguration;
			buildSettings = {
				ALWAYS_SEARCH_USER_PATHS = NO;
				CLANG_ANALYZER_NONNULL = YES;
				CLANG_CXX_LANGUAGE_STANDARD = "gnu++0x";
				CLANG_CXX_LIBRARY = "libc++";
				CLANG_ENABLE_MODULES = YES;
				CLANG_ENABLE_OBJC_ARC = YES;
				CLANG_WARN_BOOL_CONVERSION = YES;
				CLANG_WARN_CONSTANT_CONVERSION = YES;
				CLANG_WARN_DIRECT_OBJC_ISA_USAGE = YES_ERROR;
				CLANG_WARN_EMPTY_BODY = YES;
				CLANG_WARN_ENUM_CONVERSION = YES;
				CLANG_WARN_INT_CONVERSION = YES;
				CLANG_WARN_OBJC_ROOT_CLASS = YES_ERROR;
				CLANG_WARN_UNREACHABLE_CODE = YES;
				CLANG_WARN__DUPLICATE_METHOD_MATCH = YES;
				"CODE_SIGN_IDENTITY[sdk=iphoneos*]" = "iPhone Developer";
				COPY_PHASE_STRIP = NO;
				DEBUG_INFORMATION_FORMAT = dwarf;
				ENABLE_STRICT_OBJC_MSGSEND = YES;
				ENABLE_TESTABILITY = YES;
				GCC_C_LANGUAGE_STANDARD = gnu99;
				GCC_DYNAMIC_NO_PIC = NO;
				GCC_NO_COMMON_BLOCKS = YES;
				GCC_OPTIMIZATION_LEVEL = 0;
				GCC_PREPROCESSOR_DEFINITIONS = (
					"DEBUG=1",
					"$(inherited)",
				);
				GCC_WARN_64_TO_32_BIT_CONVERSION = YES;
				GCC_WARN_ABOUT_RETURN_TYPE = YES_ERROR;
				GCC_WARN_UNDECLARED_SELECTOR = YES;
				GCC_WARN_UNINITIALIZED_AUTOS = YES_AGGRESSIVE;
				GCC_WARN_UNUSED_FUNCTION = YES;
				GCC_WARN_UNUSED_VARIABLE = YES;
				IPHONEOS_DEPLOYMENT_TARGET = 9.3;
				MTL_ENABLE_DEBUG_INFO = YES;
				ONLY_ACTIVE_ARCH = YES;
				SDKROOT = iphoneos;
				SWIFT_OPTIMIZATION_LEVEL = "-Onone";
				TARGETED_DEVICE_FAMILY = "1,2";
			};
			name = Debug;
		};
		355374AE1CA5563900952429 /* Release */ = {
			isa = XCBuildConfiguration;
			buildSettings = {
				ALWAYS_SEARCH_USER_PATHS = NO;
				CLANG_ANALYZER_NONNULL = YES;
				CLANG_CXX_LANGUAGE_STANDARD = "gnu++0x";
				CLANG_CXX_LIBRARY = "libc++";
				CLANG_ENABLE_MODULES = YES;
				CLANG_ENABLE_OBJC_ARC = YES;
				CLANG_WARN_BOOL_CONVERSION = YES;
				CLANG_WARN_CONSTANT_CONVERSION = YES;
				CLANG_WARN_DIRECT_OBJC_ISA_USAGE = YES_ERROR;
				CLANG_WARN_EMPTY_BODY = YES;
				CLANG_WARN_ENUM_CONVERSION = YES;
				CLANG_WARN_INT_CONVERSION = YES;
				CLANG_WARN_OBJC_ROOT_CLASS = YES_ERROR;
				CLANG_WARN_UNREACHABLE_CODE = YES;
				CLANG_WARN__DUPLICATE_METHOD_MATCH = YES;
				"CODE_SIGN_IDENTITY[sdk=iphoneos*]" = "iPhone Developer";
				COPY_PHASE_STRIP = NO;
				DEBUG_INFORMATION_FORMAT = "dwarf-with-dsym";
				ENABLE_NS_ASSERTIONS = NO;
				ENABLE_STRICT_OBJC_MSGSEND = YES;
				GCC_C_LANGUAGE_STANDARD = gnu99;
				GCC_NO_COMMON_BLOCKS = YES;
				GCC_WARN_64_TO_32_BIT_CONVERSION = YES;
				GCC_WARN_ABOUT_RETURN_TYPE = YES_ERROR;
				GCC_WARN_UNDECLARED_SELECTOR = YES;
				GCC_WARN_UNINITIALIZED_AUTOS = YES_AGGRESSIVE;
				GCC_WARN_UNUSED_FUNCTION = YES;
				GCC_WARN_UNUSED_VARIABLE = YES;
				IPHONEOS_DEPLOYMENT_TARGET = 9.3;
				MTL_ENABLE_DEBUG_INFO = NO;
				SDKROOT = iphoneos;
				TARGETED_DEVICE_FAMILY = "1,2";
				VALIDATE_PRODUCT = YES;
			};
			name = Release;
		};
		355374B01CA5563900952429 /* Debug */ = {
			isa = XCBuildConfiguration;
			buildSettings = {
				ASSETCATALOG_COMPILER_APPICON_NAME = AppIcon;
				INFOPLIST_FILE = AppExtensionSample/Info.plist;
				LD_RUNPATH_SEARCH_PATHS = "$(inherited) @executable_path/Frameworks";
				PRODUCT_BUNDLE_IDENTIFIER = co.zaven.AppExtensionSample;
				PRODUCT_NAME = "$(TARGET_NAME)";
			};
			name = Debug;
		};
		355374B11CA5563900952429 /* Release */ = {
			isa = XCBuildConfiguration;
			buildSettings = {
				ASSETCATALOG_COMPILER_APPICON_NAME = AppIcon;
				INFOPLIST_FILE = AppExtensionSample/Info.plist;
				LD_RUNPATH_SEARCH_PATHS = "$(inherited) @executable_path/Frameworks";
				PRODUCT_BUNDLE_IDENTIFIER = co.zaven.AppExtensionSample;
				PRODUCT_NAME = "$(TARGET_NAME)";
			};
			name = Release;
		};
/* End XCBuildConfiguration section */

/* Begin XCConfigurationList section */
		355374981CA5563900952429 /* Build configuration list for PBXProject "AppExtensionSample" */ = {
			isa = XCConfigurationList;
			buildConfigurations = (
				355374AD1CA5563900952429 /* Debug */,
				355374AE1CA5563900952429 /* Release */,
			);
			defaultConfigurationIsVisible = 0;
			defaultConfigurationName = Release;
		};
		355374AF1CA5563900952429 /* Build configuration list for PBXNativeTarget "AppExtensionSample" */ = {
			isa = XCConfigurationList;
			buildConfigurations = (
				355374B01CA5563900952429 /* Debug */,
				355374B11CA5563900952429 /* Release */,
			);
			defaultConfigurationIsVisible = 0;
		};
/* End XCConfigurationList section */
	};
	rootObject = 355374951CA5563900952429 /* Project object */;
}
